
Microsoft Visual Studio Solution File, Format Version 12.00
# Visual Studio Version 16
VisualStudioVersion = 16.0.30611.23
MinimumVisualStudioVersion = 10.0.40219.1
Project("{9A19103F-16F7-4668-BE54-9A1E7A4F7556}") = "MyNetCoreWpfApp", "MyNetCoreWpfApp\MyNetCoreWpfApp.csproj", "{EE8BDB62-D1F9-408D-B277-60EE6D31489A}"
EndProject
Project("{9A19103F-16F7-4668-BE54-9A1E7A4F7556}") = "MyNetCoreWpfApp.Core", "MyNetCoreWpfApp.Core\MyNetCoreWpfApp.Core.csproj", "{46035E3F-F93D-49C7-9A8D-995925C7680D}"
EndProject
Global
	GlobalSection(SolutionConfigurationPlatforms) = preSolution
		Debug|Any CPU = Debug|Any CPU
		Release|Any CPU = Release|Any CPU
	EndGlobalSection
	GlobalSection(ProjectConfigurationPlatforms) = postSolution
		{EE8BDB62-D1F9-408D-B277-60EE6D31489A}.Debug|Any CPU.ActiveCfg = Debug|Any CPU
		{EE8BDB62-D1F9-408D-B277-60EE6D31489A}.Debug|Any CPU.Build.0 = Debug|Any CPU
		{EE8BDB62-D1F9-408D-B277-60EE6D31489A}.Release|Any CPU.ActiveCfg = Release|Any CPU
		{EE8BDB62-D1F9-408D-B277-60EE6D31489A}.Release|Any CPU.Build.0 = Release|Any CPU
		{46035E3F-F93D-49C7-9A8D-995925C7680D}.Debug|Any CPU.ActiveCfg = Debug|Any CPU
		{46035E3F-F93D-49C7-9A8D-995925C7680D}.Debug|Any CPU.Build.0 = Debug|Any CPU
		{46035E3F-F93D-49C7-9A8D-995925C7680D}.Release|Any CPU.ActiveCfg = Release|Any CPU
		{46035E3F-F93D-49C7-9A8D-995925C7680D}.Release|Any CPU.Build.0 = Release|Any CPU
	EndGlobalSection
	GlobalSection(SolutionProperties) = preSolution
		HideSolutionNode = FALSE
	EndGlobalSection
	GlobalSection(ExtensibilityGlobals) = postSolution
		SolutionGuid = {928ABA6E-D5F0-4BF9-8D33-AB22B6EF8C77}
	EndGlobalSection
EndGlobal
